
Microsoft Visual Studio Solution File, Format Version 12.00
# Visual Studio Version 17
VisualStudioVersion = 17.6.33815.320
MinimumVisualStudioVersion = 10.0.40219.1
Project("{FAE04EC0-301F-11D3-BF4B-00C04F79EFBC}") = "BL", "BL\BL.csproj", "{D6F02DB7-134C-43C8-8C81-231857BF0F6E}"
EndProject
Project("{FAE04EC0-301F-11D3-BF4B-00C04F79EFBC}") = "Common", "Common\Common.csproj", "{2FC9CE8D-E670-4200-8A51-2A9F5C97136F}"
EndProject
Project("{2150E333-8FDC-42A3-9474-1A3956D46DE8}") = "Tests", "Tests", "{F67D2488-5026-4D38-9338-A84F3DC5BA47}"
EndProject
Project("{FAE04EC0-301F-11D3-BF4B-00C04F79EFBC}") = "Common.Tests", "Tests\LoggerTest\Common.Tests.csproj", "{3CE5829F-0CE0-4306-9075-DF98883C4EA2}"
EndProject
Project("{FAE04EC0-301F-11D3-BF4B-00C04F79EFBC}") = "ConsoleApp", "ConsoleApp\ConsoleApp.csproj", "{B4AF4F81-EC13-4D0D-8928-3BDC1EECCC7C}"
EndProject
Global
	GlobalSection(SolutionConfigurationPlatforms) = preSolution
		Debug|Any CPU = Debug|Any CPU
		Release|Any CPU = Release|Any CPU
	EndGlobalSection
	GlobalSection(ProjectConfigurationPlatforms) = postSolution
		{D6F02DB7-134C-43C8-8C81-231857BF0F6E}.Debug|Any CPU.ActiveCfg = Debug|Any CPU
		{D6F02DB7-134C-43C8-8C81-231857BF0F6E}.Debug|Any CPU.Build.0 = Debug|Any CPU
		{D6F02DB7-134C-43C8-8C81-231857BF0F6E}.Release|Any CPU.ActiveCfg = Release|Any CPU
		{D6F02DB7-134C-43C8-8C81-231857BF0F6E}.Release|Any CPU.Build.0 = Release|Any CPU
		{2FC9CE8D-E670-4200-8A51-2A9F5C97136F}.Debug|Any CPU.ActiveCfg = Debug|Any CPU
		{2FC9CE8D-E670-4200-8A51-2A9F5C97136F}.Debug|Any CPU.Build.0 = Debug|Any CPU
		{2FC9CE8D-E670-4200-8A51-2A9F5C97136F}.Release|Any CPU.ActiveCfg = Release|Any CPU
		{2FC9CE8D-E670-4200-8A51-2A9F5C97136F}.Release|Any CPU.Build.0 = Release|Any CPU
		{3CE5829F-0CE0-4306-9075-DF98883C4EA2}.Debug|Any CPU.ActiveCfg = Debug|Any CPU
		{3CE5829F-0CE0-4306-9075-DF98883C4EA2}.Debug|Any CPU.Build.0 = Debug|Any CPU
		{3CE5829F-0CE0-4306-9075-DF98883C4EA2}.Release|Any CPU.ActiveCfg = Release|Any CPU
		{3CE5829F-0CE0-4306-9075-DF98883C4EA2}.Release|Any CPU.Build.0 = Release|Any CPU
		{B4AF4F81-EC13-4D0D-8928-3BDC1EECCC7C}.Debug|Any CPU.ActiveCfg = Debug|Any CPU
		{B4AF4F81-EC13-4D0D-8928-3BDC1EECCC7C}.Debug|Any CPU.Build.0 = Debug|Any CPU
		{B4AF4F81-EC13-4D0D-8928-3BDC1EECCC7C}.Release|Any CPU.ActiveCfg = Release|Any CPU
		{B4AF4F81-EC13-4D0D-8928-3BDC1EECCC7C}.Release|Any CPU.Build.0 = Release|Any CPU
	EndGlobalSection
	GlobalSection(SolutionProperties) = preSolution
		HideSolutionNode = FALSE
	EndGlobalSection
	GlobalSection(NestedProjects) = preSolution
		{3CE5829F-0CE0-4306-9075-DF98883C4EA2} = {F67D2488-5026-4D38-9338-A84F3DC5BA47}
	EndGlobalSection
	GlobalSection(ExtensibilityGlobals) = postSolution
		SolutionGuid = {F4EC716F-3F0A-4886-ACB9-F60FFC4E6886}
	EndGlobalSection
EndGlobal
